
Microsoft Visual Studio Solution File, Format Version 12.00
# Visual Studio Version 17
VisualStudioVersion = 17.8.34322.80
MinimumVisualStudioVersion = 10.0.40219.1
Project("{9A19103F-16F7-4668-BE54-9A1E7A4F7556}") = "ResourcesManagementApi", "ResourcesManagementApi.csproj", "{EEA8F14B-4A98-49AE-9CA2-ABD6EF9956F4}"
EndProject
Global
	GlobalSection(SolutionConfigurationPlatforms) = preSolution
		Debug|Any CPU = Debug|Any CPU
		Release|Any CPU = Release|Any CPU
	EndGlobalSection
	GlobalSection(ProjectConfigurationPlatforms) = postSolution
		{EEA8F14B-4A98-49AE-9CA2-ABD6EF9956F4}.Debug|Any CPU.ActiveCfg = Debug|Any CPU
		{EEA8F14B-4A98-49AE-9CA2-ABD6EF9956F4}.Debug|Any CPU.Build.0 = Debug|Any CPU
		{EEA8F14B-4A98-49AE-9CA2-ABD6EF9956F4}.Release|Any CPU.ActiveCfg = Release|Any CPU
		{EEA8F14B-4A98-49AE-9CA2-ABD6EF9956F4}.Release|Any CPU.Build.0 = Release|Any CPU
	EndGlobalSection
	GlobalSection(SolutionProperties) = preSolution
		HideSolutionNode = FALSE
	EndGlobalSection
	GlobalSection(ExtensibilityGlobals) = postSolution
		SolutionGuid = {3F65D3F3-16BE-44EE-95C1-4C712049F5A6}
	EndGlobalSection
EndGlobal
